// !$*UTF8*$!
{
	archiveVersion = 1;
	classes = {
	};
	objectVersion = 77;
	objects = {

/* Begin PBXBuildFile section */
		11E270A92DAEF016009AEF25 /* Auth in Frameworks */ = {isa = PBXBuildFile; productRef = 11E270A82DAEF016009AEF25 /* Auth */; };
		11E270AB2DAEF016009AEF25 /* Functions in Frameworks */ = {isa = PBXBuildFile; productRef = 11E270AA2DAEF016009AEF25 /* Functions */; };
		11E270AD2DAEF016009AEF25 /* PostgREST in Frameworks */ = {isa = PBXBuildFile; productRef = 11E270AC2DAEF016009AEF25 /* PostgREST */; };
		11E270AF2DAEF016009AEF25 /* Realtime in Frameworks */ = {isa = PBXBuildFile; productRef = 11E270AE2DAEF016009AEF25 /* Realtime */; };
		11E270B12DAEF016009AEF25 /* Storage in Frameworks */ = {isa = PBXBuildFile; productRef = 11E270B02DAEF016009AEF25 /* Storage */; };
		11E270B32DAEF016009AEF25 /* Supabase in Frameworks */ = {isa = PBXBuildFile; productRef = 11E270B22DAEF016009AEF25 /* Supabase */; };
/* End PBXBuildFile section */

/* Begin PBXContainerItemProxy section */
		11E270292DADD7D8009AEF25 /* PBXContainerItemProxy */ = {
			isa = PBXContainerItemProxy;
			containerPortal = 11E270132DADD7D5009AEF25 /* Project object */;
			proxyType = 1;
			remoteGlobalIDString = 11E2701A2DADD7D6009AEF25;
			remoteInfo = "Rewind Room";
		};
		11E270332DADD7D8009AEF25 /* PBXContainerItemProxy */ = {
			isa = PBXContainerItemProxy;
			containerPortal = 11E270132DADD7D5009AEF25 /* Project object */;
			proxyType = 1;
			remoteGlobalIDString = 11E2701A2DADD7D6009AEF25;
			remoteInfo = "Rewind Room";
		};
/* End PBXContainerItemProxy section */

/* Begin PBXFileReference section */
		11E2701B2DADD7D6009AEF25 /* Rewind Room.app */ = {isa = PBXFileReference; explicitFileType = wrapper.application; includeInIndex = 0; path = "Rewind Room.app"; sourceTree = BUILT_PRODUCTS_DIR; };
		11E270282DADD7D8009AEF25 /* Rewind RoomTests.xctest */ = {isa = PBXFileReference; explicitFileType = wrapper.cfbundle; includeInIndex = 0; path = "Rewind RoomTests.xctest"; sourceTree = BUILT_PRODUCTS_DIR; };
		11E270322DADD7D8009AEF25 /* Rewind RoomUITests.xctest */ = {isa = PBXFileReference; explicitFileType = wrapper.cfbundle; includeInIndex = 0; path = "Rewind RoomUITests.xctest"; sourceTree = BUILT_PRODUCTS_DIR; };
/* End PBXFileReference section */

/* Begin PBXFileSystemSynchronizedRootGroup section */
		11E2701D2DADD7D6009AEF25 /* Rewind Room */ = {
			isa = PBXFileSystemSynchronizedRootGroup;
			path = "Rewind Room";
			sourceTree = "<group>";
		};
		11E2702B2DADD7D8009AEF25 /* Rewind RoomTests */ = {
			isa = PBXFileSystemSynchronizedRootGroup;
			path = "Rewind RoomTests";
			sourceTree = "<group>";
		};
		11E270352DADD7D8009AEF25 /* Rewind RoomUITests */ = {
			isa = PBXFileSystemSynchronizedRootGroup;
			path = "Rewind RoomUITests";
			sourceTree = "<group>";
		};
/* End PBXFileSystemSynchronizedRootGroup section */

/* Begin PBXFrameworksBuildPhase section */
		11E270182DADD7D6009AEF25 /* Frameworks */ = {
			isa = PBXFrameworksBuildPhase;
			buildActionMask = 2147483647;
			files = (
				11E270AD2DAEF016009AEF25 /* PostgREST in Frameworks */,
				11E270AB2DAEF016009AEF25 /* Functions in Frameworks */,
				11E270B32DAEF016009AEF25 /* Supabase in Frameworks */,
				11E270A92DAEF016009AEF25 /* Auth in Frameworks */,
				11E270B12DAEF016009AEF25 /* Storage in Frameworks */,
				11E270AF2DAEF016009AEF25 /* Realtime in Frameworks */,
			);
			runOnlyForDeploymentPostprocessing = 0;
		};
		11E270252DADD7D8009AEF25 /* Frameworks */ = {
			isa = PBXFrameworksBuildPhase;
			buildActionMask = 2147483647;
			files = (
			);
			runOnlyForDeploymentPostprocessing = 0;
		};
		11E2702F2DADD7D8009AEF25 /* Frameworks */ = {
			isa = PBXFrameworksBuildPhase;
			buildActionMask = 2147483647;
			files = (
			);
			runOnlyForDeploymentPostprocessing = 0;
		};
/* End PBXFrameworksBuildPhase section */

/* Begin PBXGroup section */
		11E270122DADD7D5009AEF25 = {
			isa = PBXGroup;
			children = (
				11E2701D2DADD7D6009AEF25 /* Rewind Room */,
				11E2702B2DADD7D8009AEF25 /* Rewind RoomTests */,
				11E270352DADD7D8009AEF25 /* Rewind RoomUITests */,
				11E2701C2DADD7D6009AEF25 /* Products */,
			);
			sourceTree = "<group>";
		};
		11E2701C2DADD7D6009AEF25 /* Products */ = {
			isa = PBXGroup;
			children = (
				11E2701B2DADD7D6009AEF25 /* Rewind Room.app */,
				11E270282DADD7D8009AEF25 /* Rewind RoomTests.xctest */,
				11E270322DADD7D8009AEF25 /* Rewind RoomUITests.xctest */,
			);
			name = Products;
			sourceTree = "<group>";
		};
/* End PBXGroup section */

/* Begin PBXNativeTarget section */
		11E2701A2DADD7D6009AEF25 /* Rewind Room */ = {
			isa = PBXNativeTarget;
			buildConfigurationList = 11E2703C2DADD7D8009AEF25 /* Build configuration list for PBXNativeTarget "Rewind Room" */;
			buildPhases = (
				11E270172DADD7D6009AEF25 /* Sources */,
				11E270182DADD7D6009AEF25 /* Frameworks */,
				11E270192DADD7D6009AEF25 /* Resources */,
			);
			buildRules = (
			);
			dependencies = (
			);
			fileSystemSynchronizedGroups = (
				11E2701D2DADD7D6009AEF25 /* Rewind Room */,
			);
			name = "Rewind Room";
			packageProductDependencies = (
				11E270A82DAEF016009AEF25 /* Auth */,
				11E270AA2DAEF016009AEF25 /* Functions */,
				11E270AC2DAEF016009AEF25 /* PostgREST */,
				11E270AE2DAEF016009AEF25 /* Realtime */,
				11E270B02DAEF016009AEF25 /* Storage */,
				11E270B22DAEF016009AEF25 /* Supabase */,
			);
			productName = "Rewind Room";
			productReference = 11E2701B2DADD7D6009AEF25 /* Rewind Room.app */;
			productType = "com.apple.product-type.application";
		};
		11E270272DADD7D8009AEF25 /* Rewind RoomTests */ = {
			isa = PBXNativeTarget;
			buildConfigurationList = 11E2703F2DADD7D8009AEF25 /* Build configuration list for PBXNativeTarget "Rewind RoomTests" */;
			buildPhases = (
				11E270242DADD7D8009AEF25 /* Sources */,
				11E270252DADD7D8009AEF25 /* Frameworks */,
				11E270262DADD7D8009AEF25 /* Resources */,
			);
			buildRules = (
			);
			dependencies = (
				11E2702A2DADD7D8009AEF25 /* PBXTargetDependency */,
			);
			fileSystemSynchronizedGroups = (
				11E2702B2DADD7D8009AEF25 /* Rewind RoomTests */,
			);
			name = "Rewind RoomTests";
			packageProductDependencies = (
			);
			productName = "Rewind RoomTests";
			productReference = 11E270282DADD7D8009AEF25 /* Rewind RoomTests.xctest */;
			productType = "com.apple.product-type.bundle.unit-test";
		};
		11E270312DADD7D8009AEF25 /* Rewind RoomUITests */ = {
			isa = PBXNativeTarget;
			buildConfigurationList = 11E270422DADD7D8009AEF25 /* Build configuration list for PBXNativeTarget "Rewind RoomUITests" */;
			buildPhases = (
				11E2702E2DADD7D8009AEF25 /* Sources */,
				11E2702F2DADD7D8009AEF25 /* Frameworks */,
				11E270302DADD7D8009AEF25 /* Resources */,
			);
			buildRules = (
			);
			dependencies = (
				11E270342DADD7D8009AEF25 /* PBXTargetDependency */,
			);
			fileSystemSynchronizedGroups = (
				11E270352DADD7D8009AEF25 /* Rewind RoomUITests */,
			);
			name = "Rewind RoomUITests";
			packageProductDependencies = (
			);
			productName = "Rewind RoomUITests";
			productReference = 11E270322DADD7D8009AEF25 /* Rewind RoomUITests.xctest */;
			productType = "com.apple.product-type.bundle.ui-testing";
		};
/* End PBXNativeTarget section */

/* Begin PBXProject section */
		11E270132DADD7D5009AEF25 /* Project object */ = {
			isa = PBXProject;
			attributes = {
				BuildIndependentTargetsInParallel = 1;
				LastSwiftUpdateCheck = 1630;
				LastUpgradeCheck = 1630;
				TargetAttributes = {
					11E2701A2DADD7D6009AEF25 = {
						CreatedOnToolsVersion = 16.3;
					};
					11E270272DADD7D8009AEF25 = {
						CreatedOnToolsVersion = 16.3;
						TestTargetID = 11E2701A2DADD7D6009AEF25;
					};
					11E270312DADD7D8009AEF25 = {
						CreatedOnToolsVersion = 16.3;
						TestTargetID = 11E2701A2DADD7D6009AEF25;
					};
				};
			};
			buildConfigurationList = 11E270162DADD7D5009AEF25 /* Build configuration list for PBXProject "Rewind Room" */;
			developmentRegion = en;
			hasScannedForEncodings = 0;
			knownRegions = (
				en,
				Base,
			);
			mainGroup = 11E270122DADD7D5009AEF25;
			minimizedProjectReferenceProxies = 1;
			packageReferences = (
				11E270A72DAEF016009AEF25 /* XCRemoteSwiftPackageReference "supabase-swift" */,
			);
			preferredProjectObjectVersion = 77;
			productRefGroup = 11E2701C2DADD7D6009AEF25 /* Products */;
			projectDirPath = "";
			projectRoot = "";
			targets = (
				11E2701A2DADD7D6009AEF25 /* Rewind Room */,
				11E270272DADD7D8009AEF25 /* Rewind RoomTests */,
				11E270312DADD7D8009AEF25 /* Rewind RoomUITests */,
			);
		};
/* End PBXProject section */

/* Begin PBXResourcesBuildPhase section */
		11E270192DADD7D6009AEF25 /* Resources */ = {
			isa = PBXResourcesBuildPhase;
			buildActionMask = 2147483647;
			files = (
			);
			runOnlyForDeploymentPostprocessing = 0;
		};
		11E270262DADD7D8009AEF25 /* Resources */ = {
			isa = PBXResourcesBuildPhase;
			buildActionMask = 2147483647;
			files = (
			);
			runOnlyForDeploymentPostprocessing = 0;
		};
		11E270302DADD7D8009AEF25 /* Resources */ = {
			isa = PBXResourcesBuildPhase;
			buildActionMask = 2147483647;
			files = (
			);
			runOnlyForDeploymentPostprocessing = 0;
		};
/* End PBXResourcesBuildPhase section */

/* Begin PBXSourcesBuildPhase section */
		11E270172DADD7D6009AEF25 /* Sources */ = {
			isa = PBXSourcesBuildPhase;
			buildActionMask = 2147483647;
			files = (
			);
			runOnlyForDeploymentPostprocessing = 0;
		};
		11E270242DADD7D8009AEF25 /* Sources */ = {
			isa = PBXSourcesBuildPhase;
			buildActionMask = 2147483647;
			files = (
			);
			runOnlyForDeploymentPostprocessing = 0;
		};
		11E2702E2DADD7D8009AEF25 /* Sources */ = {
			isa = PBXSourcesBuildPhase;
			buildActionMask = 2147483647;
			files = (
			);
			runOnlyForDeploymentPostprocessing = 0;
		};
/* End PBXSourcesBuildPhase section */

/* Begin PBXTargetDependency section */
		11E2702A2DADD7D8009AEF25 /* PBXTargetDependency */ = {
			isa = PBXTargetDependency;
			target = 11E2701A2DADD7D6009AEF25 /* Rewind Room */;
			targetProxy = 11E270292DADD7D8009AEF25 /* PBXContainerItemProxy */;
		};
		11E270342DADD7D8009AEF25 /* PBXTargetDependency */ = {
			isa = PBXTargetDependency;
			target = 11E2701A2DADD7D6009AEF25 /* Rewind Room */;
			targetProxy = 11E270332DADD7D8009AEF25 /* PBXContainerItemProxy */;
		};
/* End PBXTargetDependency section */

/* Begin XCBuildConfiguration section */
		11E2703A2DADD7D8009AEF25 /* Debug */ = {
			isa = XCBuildConfiguration;
			buildSettings = {
				ALWAYS_SEARCH_USER_PATHS = NO;
				ASSETCATALOG_COMPILER_GENERATE_SWIFT_ASSET_SYMBOL_EXTENSIONS = YES;
				CLANG_ANALYZER_NONNULL = YES;
				CLANG_ANALYZER_NUMBER_OBJECT_CONVERSION = YES_AGGRESSIVE;
				CLANG_CXX_LANGUAGE_STANDARD = "gnu++20";
				CLANG_ENABLE_MODULES = YES;
				CLANG_ENABLE_OBJC_ARC = YES;
				CLANG_ENABLE_OBJC_WEAK = YES;
				CLANG_WARN_BLOCK_CAPTURE_AUTORELEASING = YES;
				CLANG_WARN_BOOL_CONVERSION = YES;
				CLANG_WARN_COMMA = YES;
				CLANG_WARN_CONSTANT_CONVERSION = YES;
				CLANG_WARN_DEPRECATED_OBJC_IMPLEMENTATIONS = YES;
				CLANG_WARN_DIRECT_OBJC_ISA_USAGE = YES_ERROR;
				CLANG_WARN_DOCUMENTATION_COMMENTS = YES;
				CLANG_WARN_EMPTY_BODY = YES;
				CLANG_WARN_ENUM_CONVERSION = YES;
				CLANG_WARN_INFINITE_RECURSION = YES;
				CLANG_WARN_INT_CONVERSION = YES;
				CLANG_WARN_NON_LITERAL_NULL_CONVERSION = YES;
				CLANG_WARN_OBJC_IMPLICIT_RETAIN_SELF = YES;
				CLANG_WARN_OBJC_LITERAL_CONVERSION = YES;
				CLANG_WARN_OBJC_ROOT_CLASS = YES_ERROR;
				CLANG_WARN_QUOTED_INCLUDE_IN_FRAMEWORK_HEADER = YES;
				CLANG_WARN_RANGE_LOOP_ANALYSIS = YES;
				CLANG_WARN_STRICT_PROTOTYPES = YES;
				CLANG_WARN_SUSPICIOUS_MOVE = YES;
				CLANG_WARN_UNGUARDED_AVAILABILITY = YES_AGGRESSIVE;
				CLANG_WARN_UNREACHABLE_CODE = YES;
				CLANG_WARN__DUPLICATE_METHOD_MATCH = YES;
				COPY_PHASE_STRIP = NO;
				DEBUG_INFORMATION_FORMAT = dwarf;
				DEVELOPMENT_TEAM = AQG7ZJP86A;
				ENABLE_STRICT_OBJC_MSGSEND = YES;
				ENABLE_TESTABILITY = YES;
				ENABLE_USER_SCRIPT_SANDBOXING = YES;
				GCC_C_LANGUAGE_STANDARD = gnu17;
				GCC_DYNAMIC_NO_PIC = NO;
				GCC_NO_COMMON_BLOCKS = YES;
				GCC_OPTIMIZATION_LEVEL = 0;
				GCC_PREPROCESSOR_DEFINITIONS = (
					"DEBUG=1",
					"$(inherited)",
				);
				GCC_WARN_64_TO_32_BIT_CONVERSION = YES;
				GCC_WARN_ABOUT_RETURN_TYPE = YES_ERROR;
				GCC_WARN_UNDECLARED_SELECTOR = YES;
				GCC_WARN_UNINITIALIZED_AUTOS = YES_AGGRESSIVE;
				GCC_WARN_UNUSED_FUNCTION = YES;
				GCC_WARN_UNUSED_VARIABLE = YES;
				IPHONEOS_DEPLOYMENT_TARGET = 18.4;
				LOCALIZATION_PREFERS_STRING_CATALOGS = YES;
				MTL_ENABLE_DEBUG_INFO = INCLUDE_SOURCE;
				MTL_FAST_MATH = YES;
				ONLY_ACTIVE_ARCH = YES;
				SDKROOT = iphoneos;
				SWIFT_ACTIVE_COMPILATION_CONDITIONS = "DEBUG $(inherited)";
				SWIFT_OPTIMIZATION_LEVEL = "-Onone";
			};
			name = Debug;
		};
		11E2703B2DADD7D8009AEF25 /* Release */ = {
			isa = XCBuildConfiguration;
			buildSettings = {
				ALWAYS_SEARCH_USER_PATHS = NO;
				ASSETCATALOG_COMPILER_GENERATE_SWIFT_ASSET_SYMBOL_EXTENSIONS = YES;
				CLANG_ANALYZER_NONNULL = YES;
				CLANG_ANALYZER_NUMBER_OBJECT_CONVERSION = YES_AGGRESSIVE;
				CLANG_CXX_LANGUAGE_STANDARD = "gnu++20";
				CLANG_ENABLE_MODULES = YES;
				CLANG_ENABLE_OBJC_ARC = YES;
				CLANG_ENABLE_OBJC_WEAK = YES;
				CLANG_WARN_BLOCK_CAPTURE_AUTORELEASING = YES;
				CLANG_WARN_BOOL_CONVERSION = YES;
				CLANG_WARN_COMMA = YES;
				CLANG_WARN_CONSTANT_CONVERSION = YES;
				CLANG_WARN_DEPRECATED_OBJC_IMPLEMENTATIONS = YES;
				CLANG_WARN_DIRECT_OBJC_ISA_USAGE = YES_ERROR;
				CLANG_WARN_DOCUMENTATION_COMMENTS = YES;
				CLANG_WARN_EMPTY_BODY = YES;
				CLANG_WARN_ENUM_CONVERSION = YES;
				CLANG_WARN_INFINITE_RECURSION = YES;
				CLANG_WARN_INT_CONVERSION = YES;
				CLANG_WARN_NON_LITERAL_NULL_CONVERSION = YES;
				CLANG_WARN_OBJC_IMPLICIT_RETAIN_SELF = YES;
				CLANG_WARN_OBJC_LITERAL_CONVERSION = YES;
				CLANG_WARN_OBJC_ROOT_CLASS = YES_ERROR;
				CLANG_WARN_QUOTED_INCLUDE_IN_FRAMEWORK_HEADER = YES;
				CLANG_WARN_RANGE_LOOP_ANALYSIS = YES;
				CLANG_WARN_STRICT_PROTOTYPES = YES;
				CLANG_WARN_SUSPICIOUS_MOVE = YES;
				CLANG_WARN_UNGUARDED_AVAILABILITY = YES_AGGRESSIVE;
				CLANG_WARN_UNREACHABLE_CODE = YES;
				CLANG_WARN__DUPLICATE_METHOD_MATCH = YES;
				COPY_PHASE_STRIP = NO;
				DEBUG_INFORMATION_FORMAT = "dwarf-with-dsym";
				DEVELOPMENT_TEAM = AQG7ZJP86A;
				ENABLE_NS_ASSERTIONS = NO;
				ENABLE_STRICT_OBJC_MSGSEND = YES;
				ENABLE_USER_SCRIPT_SANDBOXING = YES;
				GCC_C_LANGUAGE_STANDARD = gnu17;
				GCC_NO_COMMON_BLOCKS = YES;
				GCC_WARN_64_TO_32_BIT_CONVERSION = YES;
				GCC_WARN_ABOUT_RETURN_TYPE = YES_ERROR;
				GCC_WARN_UNDECLARED_SELECTOR = YES;
				GCC_WARN_UNINITIALIZED_AUTOS = YES_AGGRESSIVE;
				GCC_WARN_UNUSED_FUNCTION = YES;
				GCC_WARN_UNUSED_VARIABLE = YES;
				IPHONEOS_DEPLOYMENT_TARGET = 18.4;
				LOCALIZATION_PREFERS_STRING_CATALOGS = YES;
				MTL_ENABLE_DEBUG_INFO = NO;
				MTL_FAST_MATH = YES;
				SDKROOT = iphoneos;
				SWIFT_COMPILATION_MODE = wholemodule;
				VALIDATE_PRODUCT = YES;
			};
			name = Release;
		};
		11E2703D2DADD7D8009AEF25 /* Debug */ = {
			isa = XCBuildConfiguration;
			buildSettings = {
				ASSETCATALOG_COMPILER_APPICON_NAME = AppIcon;
				ASSETCATALOG_COMPILER_GLOBAL_ACCENT_COLOR_NAME = AccentColor;
				CODE_SIGN_STYLE = Automatic;
				CURRENT_PROJECT_VERSION = 1;
				DEVELOPMENT_TEAM = AQG7ZJP86A;
				ENABLE_PREVIEWS = YES;
				GENERATE_INFOPLIST_FILE = YES;
				INFOPLIST_KEY_UIApplicationSceneManifest_Generation = YES;
				INFOPLIST_KEY_UIApplicationSupportsIndirectInputEvents = YES;
				INFOPLIST_KEY_UILaunchScreen_Generation = YES;
				INFOPLIST_KEY_UISupportedInterfaceOrientations_iPad = "UIInterfaceOrientationPortrait UIInterfaceOrientationPortraitUpsideDown UIInterfaceOrientationLandscapeLeft UIInterfaceOrientationLandscapeRight";
				INFOPLIST_KEY_UISupportedInterfaceOrientations_iPhone = "UIInterfaceOrientationPortrait UIInterfaceOrientationLandscapeLeft UIInterfaceOrientationLandscapeRight";
				LD_RUNPATH_SEARCH_PATHS = (
					"$(inherited)",
					"@executable_path/Frameworks",
				);
				MARKETING_VERSION = 1.0;
				PRODUCT_BUNDLE_IDENTIFIER = "com.johntaylor.Rewind-Room";
				PRODUCT_NAME = "$(TARGET_NAME)";
				SWIFT_EMIT_LOC_STRINGS = YES;
				SWIFT_VERSION = 5.0;
				TARGETED_DEVICE_FAMILY = "1,2";
			};
			name = Debug;
		};
		11E2703E2DADD7D8009AEF25 /* Release */ = {
			isa = XCBuildConfiguration;
			buildSettings = {
				ASSETCATALOG_COMPILER_APPICON_NAME = AppIcon;
				ASSETCATALOG_COMPILER_GLOBAL_ACCENT_COLOR_NAME = AccentColor;
				CODE_SIGN_STYLE = Automatic;
				CURRENT_PROJECT_VERSION = 1;
				DEVELOPMENT_TEAM = AQG7ZJP86A;
				ENABLE_PREVIEWS = YES;
				GENERATE_INFOPLIST_FILE = YES;
				INFOPLIST_KEY_UIApplicationSceneManifest_Generation = YES;
				INFOPLIST_KEY_UIApplicationSupportsIndirectInputEvents = YES;
				INFOPLIST_KEY_UILaunchScreen_Generation = YES;
				INFOPLIST_KEY_UISupportedInterfaceOrientations_iPad = "UIInterfaceOrientationPortrait UIInterfaceOrientationPortraitUpsideDown UIInterfaceOrientationLandscapeLeft UIInterfaceOrientationLandscapeRight";
				INFOPLIST_KEY_UISupportedInterfaceOrientations_iPhone = "UIInterfaceOrientationPortrait UIInterfaceOrientationLandscapeLeft UIInterfaceOrientationLandscapeRight";
				LD_RUNPATH_SEARCH_PATHS = (
					"$(inherited)",
					"@executable_path/Frameworks",
				);
				MARKETING_VERSION = 1.0;
				PRODUCT_BUNDLE_IDENTIFIER = "com.johntaylor.Rewind-Room";
				PRODUCT_NAME = "$(TARGET_NAME)";
				SWIFT_EMIT_LOC_STRINGS = YES;
				SWIFT_VERSION = 5.0;
				TARGETED_DEVICE_FAMILY = "1,2";
			};
			name = Release;
		};
		11E270402DADD7D8009AEF25 /* Debug */ = {
			isa = XCBuildConfiguration;
			buildSettings = {
				BUNDLE_LOADER = "$(TEST_HOST)";
				CODE_SIGN_STYLE = Automatic;
				CURRENT_PROJECT_VERSION = 1;
				DEVELOPMENT_TEAM = AQG7ZJP86A;
				GENERATE_INFOPLIST_FILE = YES;
				IPHONEOS_DEPLOYMENT_TARGET = 18.4;
				MARKETING_VERSION = 1.0;
				PRODUCT_BUNDLE_IDENTIFIER = "com.johntaylor.Rewind-RoomTests";
				PRODUCT_NAME = "$(TARGET_NAME)";
				SWIFT_EMIT_LOC_STRINGS = NO;
				SWIFT_VERSION = 5.0;
				TARGETED_DEVICE_FAMILY = "1,2";
				TEST_HOST = "$(BUILT_PRODUCTS_DIR)/Rewind Room.app/$(BUNDLE_EXECUTABLE_FOLDER_PATH)/Rewind Room";
			};
			name = Debug;
		};
		11E270412DADD7D8009AEF25 /* Release */ = {
			isa = XCBuildConfiguration;
			buildSettings = {
				BUNDLE_LOADER = "$(TEST_HOST)";
				CODE_SIGN_STYLE = Automatic;
				CURRENT_PROJECT_VERSION = 1;
				DEVELOPMENT_TEAM = AQG7ZJP86A;
				GENERATE_INFOPLIST_FILE = YES;
				IPHONEOS_DEPLOYMENT_TARGET = 18.4;
				MARKETING_VERSION = 1.0;
				PRODUCT_BUNDLE_IDENTIFIER = "com.johntaylor.Rewind-RoomTests";
				PRODUCT_NAME = "$(TARGET_NAME)";
				SWIFT_EMIT_LOC_STRINGS = NO;
				SWIFT_VERSION = 5.0;
				TARGETED_DEVICE_FAMILY = "1,2";
				TEST_HOST = "$(BUILT_PRODUCTS_DIR)/Rewind Room.app/$(BUNDLE_EXECUTABLE_FOLDER_PATH)/Rewind Room";
			};
			name = Release;
		};
		11E270432DADD7D8009AEF25 /* Debug */ = {
			isa = XCBuildConfiguration;
			buildSettings = {
				CODE_SIGN_STYLE = Automatic;
				CURRENT_PROJECT_VERSION = 1;
				DEVELOPMENT_TEAM = AQG7ZJP86A;
				GENERATE_INFOPLIST_FILE = YES;
				MARKETING_VERSION = 1.0;
				PRODUCT_BUNDLE_IDENTIFIER = "com.johntaylor.Rewind-RoomUITests";
				PRODUCT_NAME = "$(TARGET_NAME)";
				SWIFT_EMIT_LOC_STRINGS = NO;
				SWIFT_VERSION = 5.0;
				TARGETED_DEVICE_FAMILY = "1,2";
				TEST_TARGET_NAME = "Rewind Room";
			};
			name = Debug;
		};
		11E270442DADD7D8009AEF25 /* Release */ = {
			isa = XCBuildConfiguration;
			buildSettings = {
				CODE_SIGN_STYLE = Automatic;
				CURRENT_PROJECT_VERSION = 1;
				DEVELOPMENT_TEAM = AQG7ZJP86A;
				GENERATE_INFOPLIST_FILE = YES;
				MARKETING_VERSION = 1.0;
				PRODUCT_BUNDLE_IDENTIFIER = "com.johntaylor.Rewind-RoomUITests";
				PRODUCT_NAME = "$(TARGET_NAME)";
				SWIFT_EMIT_LOC_STRINGS = NO;
				SWIFT_VERSION = 5.0;
				TARGETED_DEVICE_FAMILY = "1,2";
				TEST_TARGET_NAME = "Rewind Room";
			};
			name = Release;
		};
/* End XCBuildConfiguration section */

/* Begin XCConfigurationList section */
		11E270162DADD7D5009AEF25 /* Build configuration list for PBXProject "Rewind Room" */ = {
			isa = XCConfigurationList;
			buildConfigurations = (
				11E2703A2DADD7D8009AEF25 /* Debug */,
				11E2703B2DADD7D8009AEF25 /* Release */,
			);
			defaultConfigurationIsVisible = 0;
			defaultConfigurationName = Release;
		};
		11E2703C2DADD7D8009AEF25 /* Build configuration list for PBXNativeTarget "Rewind Room" */ = {
			isa = XCConfigurationList;
			buildConfigurations = (
				11E2703D2DADD7D8009AEF25 /* Debug */,
				11E2703E2DADD7D8009AEF25 /* Release */,
			);
			defaultConfigurationIsVisible = 0;
			defaultConfigurationName = Release;
		};
		11E2703F2DADD7D8009AEF25 /* Build configuration list for PBXNativeTarget "Rewind RoomTests" */ = {
			isa = XCConfigurationList;
			buildConfigurations = (
				11E270402DADD7D8009AEF25 /* Debug */,
				11E270412DADD7D8009AEF25 /* Release */,
			);
			defaultConfigurationIsVisible = 0;
			defaultConfigurationName = Release;
		};
		11E270422DADD7D8009AEF25 /* Build configuration list for PBXNativeTarget "Rewind RoomUITests" */ = {
			isa = XCConfigurationList;
			buildConfigurations = (
				11E270432DADD7D8009AEF25 /* Debug */,
				11E270442DADD7D8009AEF25 /* Release */,
			);
			defaultConfigurationIsVisible = 0;
			defaultConfigurationName = Release;
		};
/* End XCConfigurationList section */

/* Begin XCRemoteSwiftPackageReference section */
		11E270A72DAEF016009AEF25 /* XCRemoteSwiftPackageReference "supabase-swift" */ = {
			isa = XCRemoteSwiftPackageReference;
			repositoryURL = "https://github.com/supabase/supabase-swift";
			requirement = {
				kind = upToNextMajorVersion;
				minimumVersion = 2.5.1;
			};
		};
/* End XCRemoteSwiftPackageReference section */

/* Begin XCSwiftPackageProductDependency section */
		11E270A82DAEF016009AEF25 /* Auth */ = {
			isa = XCSwiftPackageProductDependency;
			package = 11E270A72DAEF016009AEF25 /* XCRemoteSwiftPackageReference "supabase-swift" */;
			productName = Auth;
		};
		11E270AA2DAEF016009AEF25 /* Functions */ = {
			isa = XCSwiftPackageProductDependency;
			package = 11E270A72DAEF016009AEF25 /* XCRemoteSwiftPackageReference "supabase-swift" */;
			productName = Functions;
		};
		11E270AC2DAEF016009AEF25 /* PostgREST */ = {
			isa = XCSwiftPackageProductDependency;
			package = 11E270A72DAEF016009AEF25 /* XCRemoteSwiftPackageReference "supabase-swift" */;
			productName = PostgREST;
		};
		11E270AE2DAEF016009AEF25 /* Realtime */ = {
			isa = XCSwiftPackageProductDependency;
			package = 11E270A72DAEF016009AEF25 /* XCRemoteSwiftPackageReference "supabase-swift" */;
			productName = Realtime;
		};
		11E270B02DAEF016009AEF25 /* Storage */ = {
			isa = XCSwiftPackageProductDependency;
			package = 11E270A72DAEF016009AEF25 /* XCRemoteSwiftPackageReference "supabase-swift" */;
			productName = Storage;
		};
		11E270B22DAEF016009AEF25 /* Supabase */ = {
			isa = XCSwiftPackageProductDependency;
			package = 11E270A72DAEF016009AEF25 /* XCRemoteSwiftPackageReference "supabase-swift" */;
			productName = Supabase;
		};
/* End XCSwiftPackageProductDependency section */
	};
	rootObject = 11E270132DADD7D5009AEF25 /* Project object */;
}
